
Microsoft Visual Studio Solution File, Format Version 12.00
# Visual Studio Version 17
VisualStudioVersion = 17.4.33213.308
MinimumVisualStudioVersion = 10.0.40219.1
Project("{FAE04EC0-301F-11D3-BF4B-00C04F79EFBC}") = "TodoX.WebApi", "TodoX.WebApi\TodoX.WebApi.csproj", "{743314EE-7605-4E61-A16C-AD58D00A16ED}"
EndProject
Project("{2150E333-8FDC-42A3-9474-1A3956D46DE8}") = "src", "src", "{820A86F8-AAF2-48B6-94AC-DD30ACD22E05}"
EndProject
Project("{2150E333-8FDC-42A3-9474-1A3956D46DE8}") = "test", "test", "{BF0A86A3-A6AB-4940-AB60-A4358257F2A4}"
EndProject
Project("{FAE04EC0-301F-11D3-BF4B-00C04F79EFBC}") = "TodoX.Domain", "TodoX.Domain\TodoX.Domain.csproj", "{8508A9DA-284B-4F18-8933-735E07F7A181}"
EndProject
Project("{2150E333-8FDC-42A3-9474-1A3956D46DE8}") = "Api", "Api", "{8576C921-6A54-4197-9DDF-C8048C474FEE}"
EndProject
Project("{2150E333-8FDC-42A3-9474-1A3956D46DE8}") = "Core", "Core", "{23D2A755-AF4F-44A5-A78F-C13032D541E0}"
EndProject
Project("{2150E333-8FDC-42A3-9474-1A3956D46DE8}") = "Infrastructure", "Infrastructure", "{B9FA68C4-FE93-4C21-A766-9B6C95FE9941}"
EndProject
Project("{2150E333-8FDC-42A3-9474-1A3956D46DE8}") = "UI", "UI", "{3ABE14F0-B41D-40D1-BB1F-B3824539CB4A}"
EndProject
Project("{FAE04EC0-301F-11D3-BF4B-00C04F79EFBC}") = "TodoX.Application", "TodoX.Application\TodoX.Application.csproj", "{97BE20E2-2E12-4938-8926-323D4995D2EA}"
EndProject
Project("{FAE04EC0-301F-11D3-BF4B-00C04F79EFBC}") = "TodoX.Application.UnitTests", "TodoX.Application.UnitTests\TodoX.Application.UnitTests.csproj", "{0A54B0C0-793A-4C2B-B06B-42B887B8F6EF}"
EndProject
Project("{FAE04EC0-301F-11D3-BF4B-00C04F79EFBC}") = "TodoX.Persistence", "TodoX.Persistence\TodoX.Persistence.csproj", "{6E149A7D-36EC-4002-8E42-CE09828A8C8E}"
EndProject
Project("{FAE04EC0-301F-11D3-BF4B-00C04F79EFBC}") = "TodoX.Infrastructure", "TodoX.Infrastructure\TodoX.Infrastructure.csproj", "{CA135B4A-61E7-49C8-BC81-A6C8199C95B1}"
EndProject
Global
	GlobalSection(SolutionConfigurationPlatforms) = preSolution
		Debug|Any CPU = Debug|Any CPU
		Release|Any CPU = Release|Any CPU
	EndGlobalSection
	GlobalSection(ProjectConfigurationPlatforms) = postSolution
		{743314EE-7605-4E61-A16C-AD58D00A16ED}.Debug|Any CPU.ActiveCfg = Debug|Any CPU
		{743314EE-7605-4E61-A16C-AD58D00A16ED}.Debug|Any CPU.Build.0 = Debug|Any CPU
		{743314EE-7605-4E61-A16C-AD58D00A16ED}.Release|Any CPU.ActiveCfg = Release|Any CPU
		{743314EE-7605-4E61-A16C-AD58D00A16ED}.Release|Any CPU.Build.0 = Release|Any CPU
		{8508A9DA-284B-4F18-8933-735E07F7A181}.Debug|Any CPU.ActiveCfg = Debug|Any CPU
		{8508A9DA-284B-4F18-8933-735E07F7A181}.Debug|Any CPU.Build.0 = Debug|Any CPU
		{8508A9DA-284B-4F18-8933-735E07F7A181}.Release|Any CPU.ActiveCfg = Release|Any CPU
		{8508A9DA-284B-4F18-8933-735E07F7A181}.Release|Any CPU.Build.0 = Release|Any CPU
		{97BE20E2-2E12-4938-8926-323D4995D2EA}.Debug|Any CPU.ActiveCfg = Debug|Any CPU
		{97BE20E2-2E12-4938-8926-323D4995D2EA}.Debug|Any CPU.Build.0 = Debug|Any CPU
		{97BE20E2-2E12-4938-8926-323D4995D2EA}.Release|Any CPU.ActiveCfg = Release|Any CPU
		{97BE20E2-2E12-4938-8926-323D4995D2EA}.Release|Any CPU.Build.0 = Release|Any CPU
		{0A54B0C0-793A-4C2B-B06B-42B887B8F6EF}.Debug|Any CPU.ActiveCfg = Debug|Any CPU
		{0A54B0C0-793A-4C2B-B06B-42B887B8F6EF}.Debug|Any CPU.Build.0 = Debug|Any CPU
		{0A54B0C0-793A-4C2B-B06B-42B887B8F6EF}.Release|Any CPU.ActiveCfg = Release|Any CPU
		{0A54B0C0-793A-4C2B-B06B-42B887B8F6EF}.Release|Any CPU.Build.0 = Release|Any CPU
		{6E149A7D-36EC-4002-8E42-CE09828A8C8E}.Debug|Any CPU.ActiveCfg = Debug|Any CPU
		{6E149A7D-36EC-4002-8E42-CE09828A8C8E}.Debug|Any CPU.Build.0 = Debug|Any CPU
		{6E149A7D-36EC-4002-8E42-CE09828A8C8E}.Release|Any CPU.ActiveCfg = Release|Any CPU
		{6E149A7D-36EC-4002-8E42-CE09828A8C8E}.Release|Any CPU.Build.0 = Release|Any CPU
		{CA135B4A-61E7-49C8-BC81-A6C8199C95B1}.Debug|Any CPU.ActiveCfg = Debug|Any CPU
		{CA135B4A-61E7-49C8-BC81-A6C8199C95B1}.Debug|Any CPU.Build.0 = Debug|Any CPU
		{CA135B4A-61E7-49C8-BC81-A6C8199C95B1}.Release|Any CPU.ActiveCfg = Release|Any CPU
		{CA135B4A-61E7-49C8-BC81-A6C8199C95B1}.Release|Any CPU.Build.0 = Release|Any CPU
	EndGlobalSection
	GlobalSection(SolutionProperties) = preSolution
		HideSolutionNode = FALSE
	EndGlobalSection
	GlobalSection(NestedProjects) = preSolution
		{743314EE-7605-4E61-A16C-AD58D00A16ED} = {8576C921-6A54-4197-9DDF-C8048C474FEE}
		{8508A9DA-284B-4F18-8933-735E07F7A181} = {23D2A755-AF4F-44A5-A78F-C13032D541E0}
		{8576C921-6A54-4197-9DDF-C8048C474FEE} = {820A86F8-AAF2-48B6-94AC-DD30ACD22E05}
		{23D2A755-AF4F-44A5-A78F-C13032D541E0} = {820A86F8-AAF2-48B6-94AC-DD30ACD22E05}
		{B9FA68C4-FE93-4C21-A766-9B6C95FE9941} = {820A86F8-AAF2-48B6-94AC-DD30ACD22E05}
		{3ABE14F0-B41D-40D1-BB1F-B3824539CB4A} = {820A86F8-AAF2-48B6-94AC-DD30ACD22E05}
		{97BE20E2-2E12-4938-8926-323D4995D2EA} = {23D2A755-AF4F-44A5-A78F-C13032D541E0}
		{0A54B0C0-793A-4C2B-B06B-42B887B8F6EF} = {BF0A86A3-A6AB-4940-AB60-A4358257F2A4}
		{6E149A7D-36EC-4002-8E42-CE09828A8C8E} = {B9FA68C4-FE93-4C21-A766-9B6C95FE9941}
		{CA135B4A-61E7-49C8-BC81-A6C8199C95B1} = {B9FA68C4-FE93-4C21-A766-9B6C95FE9941}
	EndGlobalSection
	GlobalSection(ExtensibilityGlobals) = postSolution
		SolutionGuid = {461520D0-32FE-4618-9FA6-2B243EDDB616}
	EndGlobalSection
EndGlobal
